Microsoft Visual Studio Solution File, Format Version 12.00
# Visual Studio 15
VisualStudioVersion = 15.0.26730.12
MinimumVisualStudioVersion = 10.0.40219.1
Project("{FAE04EC0-301F-11D3-BF4B-00C04F79EFBC}") = "Fitch", "Fitch\Fitch.csproj", "{3A7D59D9-479C-42E5-AE8F-33B47B8D116C}"
EndProject
Global
	GlobalSection(SolutionConfigurationPlatforms) = preSolution
		Debug|x64 = Debug|x64
		Debug|x86 = Debug|x86
		Release|x64 = Release|x64
		Release|x86 = Release|x86
	EndGlobalSection
	GlobalSection(ProjectConfigurationPlatforms) = postSolution
		{3A7D59D9-479C-42E5-AE8F-33B47B8D116C}.Debug|x64.ActiveCfg = Debug|x64
		{3A7D59D9-479C-42E5-AE8F-33B47B8D116C}.Debug|x64.Build.0 = Debug|x64
		{3A7D59D9-479C-42E5-AE8F-33B47B8D116C}.Debug|x86.ActiveCfg = Debug|x86
		{3A7D59D9-479C-42E5-AE8F-33B47B8D116C}.Debug|x86.Build.0 = Debug|x86
		{3A7D59D9-479C-42E5-AE8F-33B47B8D116C}.Release|x64.ActiveCfg = Release|x64
		{3A7D59D9-479C-42E5-AE8F-33B47B8D116C}.Release|x64.Build.0 = Release|x64
		{3A7D59D9-479C-42E5-AE8F-33B47B8D116C}.Release|x86.ActiveCfg = Release|x86
		{3A7D59D9-479C-42E5-AE8F-33B47B8D116C}.Release|x86.Build.0 = Release|x86
	EndGlobalSection
	GlobalSection(SolutionProperties) = preSolution
		HideSolutionNode = FALSE
	EndGlobalSection
	GlobalSection(ExtensibilityGlobals) = postSolution
		SolutionGuid = {D7D36211-FC55-4E41-9099-D5298CBEFA7E}
	EndGlobalSection
	GlobalSection(MonoDevelopProperties) = preSolution
		Policies = $0
		$0.DotNetNamingPolicy = $1
		$1.DirectoryNamespaceAssociation = PrefixedHierarchical
		$0.TextStylePolicy = $2
		$2.inheritsSet = null
		$2.scope = application/xml
		$0.XmlFormattingPolicy = $3
		$3.scope = application/xml
		$0.TextStylePolicy = $4
		$4.inheritsSet = null
		$4.scope = application/manifest+xml
		$0.XmlFormattingPolicy = $5
		$5.inheritsSet = null
		$5.scope = application/manifest+xml
		$0.TextStylePolicy = $6
		$6.inheritsSet = null
		$6.scope = text/microsoft-resx
		$0.XmlFormattingPolicy = $7
		$7.inheritsSet = null
		$7.scope = text/microsoft-resx
		$0.StandardHeader = $8
	EndGlobalSection
EndGlobal
