
Microsoft Visual Studio Solution File, Format Version 12.00
# Visual Studio 2012
Project("{FAE04EC0-301F-11D3-BF4B-00C04F79EFBC}") = "Fitch", "Fitch\Fitch.csproj", "{3193EE19-392A-460A-95F0-BA1E02EA9D53}"
EndProject
Global
	GlobalSection(SolutionConfigurationPlatforms) = preSolution
		Debug|x86 = Debug|x86
		Release|x86 = Release|x86
	EndGlobalSection
	GlobalSection(ProjectConfigurationPlatforms) = postSolution
		{3193EE19-392A-460A-95F0-BA1E02EA9D53}.Debug|x86.ActiveCfg = Debug|x86
		{3193EE19-392A-460A-95F0-BA1E02EA9D53}.Debug|x86.Build.0 = Debug|x86
		{3193EE19-392A-460A-95F0-BA1E02EA9D53}.Release|x86.ActiveCfg = Release|x86
		{3193EE19-392A-460A-95F0-BA1E02EA9D53}.Release|x86.Build.0 = Release|x86
	EndGlobalSection
EndGlobal
